// !$*UTF8*$!
{
	archiveVersion = 1;
	classes = {
	};
	objectVersion = 77;
	objects = {

/* Begin PBXBuildFile section */
		6BF09EB92E3E9A34001D7E9B /* README.md in Resources */ = {isa = PBXBuildFile; fileRef = 6BF09EB82E3E9A2D001D7E9B /* README.md */; };
		6BF09EE92E3E9FD1001D7E9B /* Alamofire in Frameworks */ = {isa = PBXBuildFile; productRef = 6BF09EE82E3E9FD1001D7E9B /* Alamofire */; };
/* End PBXBuildFile section */

/* Begin PBXContainerItemProxy section */
		6B757D3C2E3E9558008F47F8 /* PBXContainerItemProxy */ = {
			isa = PBXContainerItemProxy;
			containerPortal = 6B757D242E3E9556008F47F8 /* Project object */;
			proxyType = 1;
			remoteGlobalIDString = 6B757D2B2E3E9556008F47F8;
			remoteInfo = "Meal Planner";
		};
		6B757D462E3E9558008F47F8 /* PBXContainerItemProxy */ = {
			isa = PBXContainerItemProxy;
			containerPortal = 6B757D242E3E9556008F47F8 /* Project object */;
			proxyType = 1;
			remoteGlobalIDString = 6B757D2B2E3E9556008F47F8;
			remoteInfo = "Meal Planner";
		};
/* End PBXContainerItemProxy section */

/* Begin PBXFileReference section */
		6B757D2C2E3E9556008F47F8 /* Meal Planner.app */ = {isa = PBXFileReference; explicitFileType = wrapper.application; includeInIndex = 0; path = "Meal Planner.app"; sourceTree = BUILT_PRODUCTS_DIR; };
		6B757D3B2E3E9558008F47F8 /* Meal PlannerTests.xctest */ = {isa = PBXFileReference; explicitFileType = wrapper.cfbundle; includeInIndex = 0; path = "Meal PlannerTests.xctest"; sourceTree = BUILT_PRODUCTS_DIR; };
		6B757D452E3E9558008F47F8 /* Meal PlannerUITests.xctest */ = {isa = PBXFileReference; explicitFileType = wrapper.cfbundle; includeInIndex = 0; path = "Meal PlannerUITests.xctest"; sourceTree = BUILT_PRODUCTS_DIR; };
		6BF09EB82E3E9A2D001D7E9B /* README.md */ = {isa = PBXFileReference; lastKnownFileType = net.daringfireball.markdown; path = README.md; sourceTree = "<group>"; };
/* End PBXFileReference section */

/* Begin PBXFileSystemSynchronizedBuildFileExceptionSet section */
		6BF09ED22E3E9BF9001D7E9B /* Exceptions for "Meal Planner" folder in "Meal Planner" target */ = {
			isa = PBXFileSystemSynchronizedBuildFileExceptionSet;
			membershipExceptions = (
				Models/RecipeItemDto.swift,
			);
			target = 6B757D2B2E3E9556008F47F8 /* Meal Planner */;
		};
/* End PBXFileSystemSynchronizedBuildFileExceptionSet section */

/* Begin PBXFileSystemSynchronizedRootGroup section */
		6B757D2E2E3E9556008F47F8 /* Meal Planner */ = {
			isa = PBXFileSystemSynchronizedRootGroup;
			exceptions = (
				6BF09ED22E3E9BF9001D7E9B /* Exceptions for "Meal Planner" folder in "Meal Planner" target */,
			);
			path = "Meal Planner";
			sourceTree = "<group>";
		};
		6B757D3E2E3E9558008F47F8 /* Meal PlannerTests */ = {
			isa = PBXFileSystemSynchronizedRootGroup;
			path = "Meal PlannerTests";
			sourceTree = "<group>";
		};
		6B757D482E3E9558008F47F8 /* Meal PlannerUITests */ = {
			isa = PBXFileSystemSynchronizedRootGroup;
			path = "Meal PlannerUITests";
			sourceTree = "<group>";
		};
/* End PBXFileSystemSynchronizedRootGroup section */

/* Begin PBXFrameworksBuildPhase section */
		6B757D292E3E9556008F47F8 /* Frameworks */ = {
			isa = PBXFrameworksBuildPhase;
			buildActionMask = 2147483647;
			files = (
				6BF09EE92E3E9FD1001D7E9B /* Alamofire in Frameworks */,
			);
			runOnlyForDeploymentPostprocessing = 0;
		};
		6B757D382E3E9558008F47F8 /* Frameworks */ = {
			isa = PBXFrameworksBuildPhase;
			buildActionMask = 2147483647;
			files = (
			);
			runOnlyForDeploymentPostprocessing = 0;
		};
		6B757D422E3E9558008F47F8 /* Frameworks */ = {
			isa = PBXFrameworksBuildPhase;
			buildActionMask = 2147483647;
			files = (
			);
			runOnlyForDeploymentPostprocessing = 0;
		};
/* End PBXFrameworksBuildPhase section */

/* Begin PBXGroup section */
		6B757D232E3E9556008F47F8 = {
			isa = PBXGroup;
			children = (
				6BF09EB82E3E9A2D001D7E9B /* README.md */,
				6B757D2E2E3E9556008F47F8 /* Meal Planner */,
				6B757D3E2E3E9558008F47F8 /* Meal PlannerTests */,
				6B757D482E3E9558008F47F8 /* Meal PlannerUITests */,
				6B757D2D2E3E9556008F47F8 /* Products */,
			);
			sourceTree = "<group>";
		};
		6B757D2D2E3E9556008F47F8 /* Products */ = {
			isa = PBXGroup;
			children = (
				6B757D2C2E3E9556008F47F8 /* Meal Planner.app */,
				6B757D3B2E3E9558008F47F8 /* Meal PlannerTests.xctest */,
				6B757D452E3E9558008F47F8 /* Meal PlannerUITests.xctest */,
			);
			name = Products;
			sourceTree = "<group>";
		};
/* End PBXGroup section */

/* Begin PBXNativeTarget section */
		6B757D2B2E3E9556008F47F8 /* Meal Planner */ = {
			isa = PBXNativeTarget;
			buildConfigurationList = 6B757D4F2E3E9558008F47F8 /* Build configuration list for PBXNativeTarget "Meal Planner" */;
			buildPhases = (
				6B757D282E3E9556008F47F8 /* Sources */,
				6B757D292E3E9556008F47F8 /* Frameworks */,
				6B757D2A2E3E9556008F47F8 /* Resources */,
			);
			buildRules = (
			);
			dependencies = (
			);
			fileSystemSynchronizedGroups = (
				6B757D2E2E3E9556008F47F8 /* Meal Planner */,
			);
			name = "Meal Planner";
			packageProductDependencies = (
				6BF09EE82E3E9FD1001D7E9B /* Alamofire */,
			);
			productName = "Meal Planner";
			productReference = 6B757D2C2E3E9556008F47F8 /* Meal Planner.app */;
			productType = "com.apple.product-type.application";
		};
		6B757D3A2E3E9558008F47F8 /* Meal PlannerTests */ = {
			isa = PBXNativeTarget;
			buildConfigurationList = 6B757D522E3E9558008F47F8 /* Build configuration list for PBXNativeTarget "Meal PlannerTests" */;
			buildPhases = (
				6B757D372E3E9558008F47F8 /* Sources */,
				6B757D382E3E9558008F47F8 /* Frameworks */,
				6B757D392E3E9558008F47F8 /* Resources */,
			);
			buildRules = (
			);
			dependencies = (
				6B757D3D2E3E9558008F47F8 /* PBXTargetDependency */,
			);
			fileSystemSynchronizedGroups = (
				6B757D3E2E3E9558008F47F8 /* Meal PlannerTests */,
			);
			name = "Meal PlannerTests";
			packageProductDependencies = (
			);
			productName = "Meal PlannerTests";
			productReference = 6B757D3B2E3E9558008F47F8 /* Meal PlannerTests.xctest */;
			productType = "com.apple.product-type.bundle.unit-test";
		};
		6B757D442E3E9558008F47F8 /* Meal PlannerUITests */ = {
			isa = PBXNativeTarget;
			buildConfigurationList = 6B757D552E3E9558008F47F8 /* Build configuration list for PBXNativeTarget "Meal PlannerUITests" */;
			buildPhases = (
				6B757D412E3E9558008F47F8 /* Sources */,
				6B757D422E3E9558008F47F8 /* Frameworks */,
				6B757D432E3E9558008F47F8 /* Resources */,
			);
			buildRules = (
			);
			dependencies = (
				6B757D472E3E9558008F47F8 /* PBXTargetDependency */,
			);
			fileSystemSynchronizedGroups = (
				6B757D482E3E9558008F47F8 /* Meal PlannerUITests */,
			);
			name = "Meal PlannerUITests";
			packageProductDependencies = (
			);
			productName = "Meal PlannerUITests";
			productReference = 6B757D452E3E9558008F47F8 /* Meal PlannerUITests.xctest */;
			productType = "com.apple.product-type.bundle.ui-testing";
		};
/* End PBXNativeTarget section */

/* Begin PBXProject section */
		6B757D242E3E9556008F47F8 /* Project object */ = {
			isa = PBXProject;
			attributes = {
				BuildIndependentTargetsInParallel = 1;
				LastSwiftUpdateCheck = 1640;
				LastUpgradeCheck = 1640;
				TargetAttributes = {
					6B757D2B2E3E9556008F47F8 = {
						CreatedOnToolsVersion = 16.4;
					};
					6B757D3A2E3E9558008F47F8 = {
						CreatedOnToolsVersion = 16.4;
						TestTargetID = 6B757D2B2E3E9556008F47F8;
					};
					6B757D442E3E9558008F47F8 = {
						CreatedOnToolsVersion = 16.4;
						TestTargetID = 6B757D2B2E3E9556008F47F8;
					};
				};
			};
			buildConfigurationList = 6B757D272E3E9556008F47F8 /* Build configuration list for PBXProject "Meal Planner" */;
			developmentRegion = en;
			hasScannedForEncodings = 0;
			knownRegions = (
				en,
				Base,
			);
			mainGroup = 6B757D232E3E9556008F47F8;
			minimizedProjectReferenceProxies = 1;
			packageReferences = (
				6BF09EE72E3E9FD1001D7E9B /* XCRemoteSwiftPackageReference "Alamofire" */,
			);
			preferredProjectObjectVersion = 77;
			productRefGroup = 6B757D2D2E3E9556008F47F8 /* Products */;
			projectDirPath = "";
			projectRoot = "";
			targets = (
				6B757D2B2E3E9556008F47F8 /* Meal Planner */,
				6B757D3A2E3E9558008F47F8 /* Meal PlannerTests */,
				6B757D442E3E9558008F47F8 /* Meal PlannerUITests */,
			);
		};
/* End PBXProject section */

/* Begin PBXResourcesBuildPhase section */
		6B757D2A2E3E9556008F47F8 /* Resources */ = {
			isa = PBXResourcesBuildPhase;
			buildActionMask = 2147483647;
			files = (
				6BF09EB92E3E9A34001D7E9B /* README.md in Resources */,
			);
			runOnlyForDeploymentPostprocessing = 0;
		};
		6B757D392E3E9558008F47F8 /* Resources */ = {
			isa = PBXResourcesBuildPhase;
			buildActionMask = 2147483647;
			files = (
			);
			runOnlyForDeploymentPostprocessing = 0;
		};
		6B757D432E3E9558008F47F8 /* Resources */ = {
			isa = PBXResourcesBuildPhase;
			buildActionMask = 2147483647;
			files = (
			);
			runOnlyForDeploymentPostprocessing = 0;
		};
/* End PBXResourcesBuildPhase section */

/* Begin PBXSourcesBuildPhase section */
		6B757D282E3E9556008F47F8 /* Sources */ = {
			isa = PBXSourcesBuildPhase;
			buildActionMask = 2147483647;
			files = (
			);
			runOnlyForDeploymentPostprocessing = 0;
		};
		6B757D372E3E9558008F47F8 /* Sources */ = {
			isa = PBXSourcesBuildPhase;
			buildActionMask = 2147483647;
			files = (
			);
			runOnlyForDeploymentPostprocessing = 0;
		};
		6B757D412E3E9558008F47F8 /* Sources */ = {
			isa = PBXSourcesBuildPhase;
			buildActionMask = 2147483647;
			files = (
			);
			runOnlyForDeploymentPostprocessing = 0;
		};
/* End PBXSourcesBuildPhase section */

/* Begin PBXTargetDependency section */
		6B757D3D2E3E9558008F47F8 /* PBXTargetDependency */ = {
			isa = PBXTargetDependency;
			target = 6B757D2B2E3E9556008F47F8 /* Meal Planner */;
			targetProxy = 6B757D3C2E3E9558008F47F8 /* PBXContainerItemProxy */;
		};
		6B757D472E3E9558008F47F8 /* PBXTargetDependency */ = {
			isa = PBXTargetDependency;
			target = 6B757D2B2E3E9556008F47F8 /* Meal Planner */;
			targetProxy = 6B757D462E3E9558008F47F8 /* PBXContainerItemProxy */;
		};
/* End PBXTargetDependency section */

/* Begin XCBuildConfiguration section */
		6B757D4D2E3E9558008F47F8 /* Debug */ = {
			isa = XCBuildConfiguration;
			buildSettings = {
				ALWAYS_SEARCH_USER_PATHS = NO;
				ASSETCATALOG_COMPILER_GENERATE_SWIFT_ASSET_SYMBOL_EXTENSIONS = YES;
				CLANG_ANALYZER_NONNULL = YES;
				CLANG_ANALYZER_NUMBER_OBJECT_CONVERSION = YES_AGGRESSIVE;
				CLANG_CXX_LANGUAGE_STANDARD = "gnu++20";
				CLANG_ENABLE_MODULES = YES;
				CLANG_ENABLE_OBJC_ARC = YES;
				CLANG_ENABLE_OBJC_WEAK = YES;
				CLANG_WARN_BLOCK_CAPTURE_AUTORELEASING = YES;
				CLANG_WARN_BOOL_CONVERSION = YES;
				CLANG_WARN_COMMA = YES;
				CLANG_WARN_CONSTANT_CONVERSION = YES;
				CLANG_WARN_DEPRECATED_OBJC_IMPLEMENTATIONS = YES;
				CLANG_WARN_DIRECT_OBJC_ISA_USAGE = YES_ERROR;
				CLANG_WARN_DOCUMENTATION_COMMENTS = YES;
				CLANG_WARN_EMPTY_BODY = YES;
				CLANG_WARN_ENUM_CONVERSION = YES;
				CLANG_WARN_INFINITE_RECURSION = YES;
				CLANG_WARN_INT_CONVERSION = YES;
				CLANG_WARN_NON_LITERAL_NULL_CONVERSION = YES;
				CLANG_WARN_OBJC_IMPLICIT_RETAIN_SELF = YES;
				CLANG_WARN_OBJC_LITERAL_CONVERSION = YES;
				CLANG_WARN_OBJC_ROOT_CLASS = YES_ERROR;
				CLANG_WARN_QUOTED_INCLUDE_IN_FRAMEWORK_HEADER = YES;
				CLANG_WARN_RANGE_LOOP_ANALYSIS = YES;
				CLANG_WARN_STRICT_PROTOTYPES = YES;
				CLANG_WARN_SUSPICIOUS_MOVE = YES;
				CLANG_WARN_UNGUARDED_AVAILABILITY = YES_AGGRESSIVE;
				CLANG_WARN_UNREACHABLE_CODE = YES;
				CLANG_WARN__DUPLICATE_METHOD_MATCH = YES;
				COPY_PHASE_STRIP = NO;
				DEBUG_INFORMATION_FORMAT = dwarf;
				DEVELOPMENT_TEAM = 7H2U3B75K6;
				ENABLE_STRICT_OBJC_MSGSEND = YES;
				ENABLE_TESTABILITY = YES;
				ENABLE_USER_SCRIPT_SANDBOXING = YES;
				GCC_C_LANGUAGE_STANDARD = gnu17;
				GCC_DYNAMIC_NO_PIC = NO;
				GCC_NO_COMMON_BLOCKS = YES;
				GCC_OPTIMIZATION_LEVEL = 0;
				GCC_PREPROCESSOR_DEFINITIONS = (
					"DEBUG=1",
					"$(inherited)",
				);
				GCC_WARN_64_TO_32_BIT_CONVERSION = YES;
				GCC_WARN_ABOUT_RETURN_TYPE = YES_ERROR;
				GCC_WARN_UNDECLARED_SELECTOR = YES;
				GCC_WARN_UNINITIALIZED_AUTOS = YES_AGGRESSIVE;
				GCC_WARN_UNUSED_FUNCTION = YES;
				GCC_WARN_UNUSED_VARIABLE = YES;
				IPHONEOS_DEPLOYMENT_TARGET = 18.5;
				LOCALIZATION_PREFERS_STRING_CATALOGS = YES;
				MTL_ENABLE_DEBUG_INFO = INCLUDE_SOURCE;
				MTL_FAST_MATH = YES;
				ONLY_ACTIVE_ARCH = YES;
				SDKROOT = iphoneos;
				SWIFT_ACTIVE_COMPILATION_CONDITIONS = "DEBUG $(inherited)";
				SWIFT_OPTIMIZATION_LEVEL = "-Onone";
			};
			name = Debug;
		};
		6B757D4E2E3E9558008F47F8 /* Release */ = {
			isa = XCBuildConfiguration;
			buildSettings = {
				ALWAYS_SEARCH_USER_PATHS = NO;
				ASSETCATALOG_COMPILER_GENERATE_SWIFT_ASSET_SYMBOL_EXTENSIONS = YES;
				CLANG_ANALYZER_NONNULL = YES;
				CLANG_ANALYZER_NUMBER_OBJECT_CONVERSION = YES_AGGRESSIVE;
				CLANG_CXX_LANGUAGE_STANDARD = "gnu++20";
				CLANG_ENABLE_MODULES = YES;
				CLANG_ENABLE_OBJC_ARC = YES;
				CLANG_ENABLE_OBJC_WEAK = YES;
				CLANG_WARN_BLOCK_CAPTURE_AUTORELEASING = YES;
				CLANG_WARN_BOOL_CONVERSION = YES;
				CLANG_WARN_COMMA = YES;
				CLANG_WARN_CONSTANT_CONVERSION = YES;
				CLANG_WARN_DEPRECATED_OBJC_IMPLEMENTATIONS = YES;
				CLANG_WARN_DIRECT_OBJC_ISA_USAGE = YES_ERROR;
				CLANG_WARN_DOCUMENTATION_COMMENTS = YES;
				CLANG_WARN_EMPTY_BODY = YES;
				CLANG_WARN_ENUM_CONVERSION = YES;
				CLANG_WARN_INFINITE_RECURSION = YES;
				CLANG_WARN_INT_CONVERSION = YES;
				CLANG_WARN_NON_LITERAL_NULL_CONVERSION = YES;
				CLANG_WARN_OBJC_IMPLICIT_RETAIN_SELF = YES;
				CLANG_WARN_OBJC_LITERAL_CONVERSION = YES;
				CLANG_WARN_OBJC_ROOT_CLASS = YES_ERROR;
				CLANG_WARN_QUOTED_INCLUDE_IN_FRAMEWORK_HEADER = YES;
				CLANG_WARN_RANGE_LOOP_ANALYSIS = YES;
				CLANG_WARN_STRICT_PROTOTYPES = YES;
				CLANG_WARN_SUSPICIOUS_MOVE = YES;
				CLANG_WARN_UNGUARDED_AVAILABILITY = YES_AGGRESSIVE;
				CLANG_WARN_UNREACHABLE_CODE = YES;
				CLANG_WARN__DUPLICATE_METHOD_MATCH = YES;
				COPY_PHASE_STRIP = NO;
				DEBUG_INFORMATION_FORMAT = "dwarf-with-dsym";
				DEVELOPMENT_TEAM = 7H2U3B75K6;
				ENABLE_NS_ASSERTIONS = NO;
				ENABLE_STRICT_OBJC_MSGSEND = YES;
				ENABLE_USER_SCRIPT_SANDBOXING = YES;
				GCC_C_LANGUAGE_STANDARD = gnu17;
				GCC_NO_COMMON_BLOCKS = YES;
				GCC_WARN_64_TO_32_BIT_CONVERSION = YES;
				GCC_WARN_ABOUT_RETURN_TYPE = YES_ERROR;
				GCC_WARN_UNDECLARED_SELECTOR = YES;
				GCC_WARN_UNINITIALIZED_AUTOS = YES_AGGRESSIVE;
				GCC_WARN_UNUSED_FUNCTION = YES;
				GCC_WARN_UNUSED_VARIABLE = YES;
				IPHONEOS_DEPLOYMENT_TARGET = 18.5;
				LOCALIZATION_PREFERS_STRING_CATALOGS = YES;
				MTL_ENABLE_DEBUG_INFO = NO;
				MTL_FAST_MATH = YES;
				SDKROOT = iphoneos;
				SWIFT_COMPILATION_MODE = wholemodule;
				VALIDATE_PRODUCT = YES;
			};
			name = Release;
		};
		6B757D502E3E9558008F47F8 /* Debug */ = {
			isa = XCBuildConfiguration;
			buildSettings = {
				ASSETCATALOG_COMPILER_APPICON_NAME = AppIcon;
				ASSETCATALOG_COMPILER_GLOBAL_ACCENT_COLOR_NAME = AccentColor;
				CODE_SIGN_STYLE = Automatic;
				CURRENT_PROJECT_VERSION = 1;
				DEVELOPMENT_TEAM = 7H2U3B75K6;
				ENABLE_PREVIEWS = YES;
				GENERATE_INFOPLIST_FILE = YES;
				INFOPLIST_KEY_LSApplicationCategoryType = "public.app-category.food-and-drink";
				INFOPLIST_KEY_UIApplicationSceneManifest_Generation = YES;
				INFOPLIST_KEY_UIApplicationSupportsIndirectInputEvents = YES;
				INFOPLIST_KEY_UILaunchScreen_Generation = YES;
				INFOPLIST_KEY_UISupportedInterfaceOrientations = UIInterfaceOrientationPortrait;
				LD_RUNPATH_SEARCH_PATHS = (
					"$(inherited)",
					"@executable_path/Frameworks",
				);
				MARKETING_VERSION = 1.0;
				PRODUCT_BUNDLE_IDENTIFIER = "com.ericho.Meal-Planner";
				PRODUCT_NAME = "$(TARGET_NAME)";
				SWIFT_EMIT_LOC_STRINGS = YES;
				SWIFT_VERSION = 5.0;
				TARGETED_DEVICE_FAMILY = "1,2";
			};
			name = Debug;
		};
		6B757D512E3E9558008F47F8 /* Release */ = {
			isa = XCBuildConfiguration;
			buildSettings = {
				ASSETCATALOG_COMPILER_APPICON_NAME = AppIcon;
				ASSETCATALOG_COMPILER_GLOBAL_ACCENT_COLOR_NAME = AccentColor;
				CODE_SIGN_STYLE = Automatic;
				CURRENT_PROJECT_VERSION = 1;
				DEVELOPMENT_TEAM = 7H2U3B75K6;
				ENABLE_PREVIEWS = YES;
				GENERATE_INFOPLIST_FILE = YES;
				INFOPLIST_KEY_LSApplicationCategoryType = "public.app-category.food-and-drink";
				INFOPLIST_KEY_UIApplicationSceneManifest_Generation = YES;
				INFOPLIST_KEY_UIApplicationSupportsIndirectInputEvents = YES;
				INFOPLIST_KEY_UILaunchScreen_Generation = YES;
				INFOPLIST_KEY_UISupportedInterfaceOrientations = UIInterfaceOrientationPortrait;
				LD_RUNPATH_SEARCH_PATHS = (
					"$(inherited)",
					"@executable_path/Frameworks",
				);
				MARKETING_VERSION = 1.0;
				PRODUCT_BUNDLE_IDENTIFIER = "com.ericho.Meal-Planner";
				PRODUCT_NAME = "$(TARGET_NAME)";
				SWIFT_EMIT_LOC_STRINGS = YES;
				SWIFT_VERSION = 5.0;
				TARGETED_DEVICE_FAMILY = "1,2";
			};
			name = Release;
		};
		6B757D532E3E9558008F47F8 /* Debug */ = {
			isa = XCBuildConfiguration;
			buildSettings = {
				BUNDLE_LOADER = "$(TEST_HOST)";
				CODE_SIGN_STYLE = Automatic;
				CURRENT_PROJECT_VERSION = 1;
				DEVELOPMENT_TEAM = 7H2U3B75K6;
				GENERATE_INFOPLIST_FILE = YES;
				IPHONEOS_DEPLOYMENT_TARGET = 18.5;
				MARKETING_VERSION = 1.0;
				PRODUCT_BUNDLE_IDENTIFIER = "com.ericho.Meal-PlannerTests";
				PRODUCT_NAME = "$(TARGET_NAME)";
				SWIFT_EMIT_LOC_STRINGS = NO;
				SWIFT_VERSION = 5.0;
				TARGETED_DEVICE_FAMILY = "1,2";
				TEST_HOST = "$(BUILT_PRODUCTS_DIR)/Meal Planner.app/$(BUNDLE_EXECUTABLE_FOLDER_PATH)/Meal Planner";
			};
			name = Debug;
		};
		6B757D542E3E9558008F47F8 /* Release */ = {
			isa = XCBuildConfiguration;
			buildSettings = {
				BUNDLE_LOADER = "$(TEST_HOST)";
				CODE_SIGN_STYLE = Automatic;
				CURRENT_PROJECT_VERSION = 1;
				DEVELOPMENT_TEAM = 7H2U3B75K6;
				GENERATE_INFOPLIST_FILE = YES;
				IPHONEOS_DEPLOYMENT_TARGET = 18.5;
				MARKETING_VERSION = 1.0;
				PRODUCT_BUNDLE_IDENTIFIER = "com.ericho.Meal-PlannerTests";
				PRODUCT_NAME = "$(TARGET_NAME)";
				SWIFT_EMIT_LOC_STRINGS = NO;
				SWIFT_VERSION = 5.0;
				TARGETED_DEVICE_FAMILY = "1,2";
				TEST_HOST = "$(BUILT_PRODUCTS_DIR)/Meal Planner.app/$(BUNDLE_EXECUTABLE_FOLDER_PATH)/Meal Planner";
			};
			name = Release;
		};
		6B757D562E3E9558008F47F8 /* Debug */ = {
			isa = XCBuildConfiguration;
			buildSettings = {
				CODE_SIGN_STYLE = Automatic;
				CURRENT_PROJECT_VERSION = 1;
				DEVELOPMENT_TEAM = 7H2U3B75K6;
				GENERATE_INFOPLIST_FILE = YES;
				MARKETING_VERSION = 1.0;
				PRODUCT_BUNDLE_IDENTIFIER = "com.ericho.Meal-PlannerUITests";
				PRODUCT_NAME = "$(TARGET_NAME)";
				SWIFT_EMIT_LOC_STRINGS = NO;
				SWIFT_VERSION = 5.0;
				TARGETED_DEVICE_FAMILY = "1,2";
				TEST_TARGET_NAME = "Meal Planner";
			};
			name = Debug;
		};
		6B757D572E3E9558008F47F8 /* Release */ = {
			isa = XCBuildConfiguration;
			buildSettings = {
				CODE_SIGN_STYLE = Automatic;
				CURRENT_PROJECT_VERSION = 1;
				DEVELOPMENT_TEAM = 7H2U3B75K6;
				GENERATE_INFOPLIST_FILE = YES;
				MARKETING_VERSION = 1.0;
				PRODUCT_BUNDLE_IDENTIFIER = "com.ericho.Meal-PlannerUITests";
				PRODUCT_NAME = "$(TARGET_NAME)";
				SWIFT_EMIT_LOC_STRINGS = NO;
				SWIFT_VERSION = 5.0;
				TARGETED_DEVICE_FAMILY = "1,2";
				TEST_TARGET_NAME = "Meal Planner";
			};
			name = Release;
		};
/* End XCBuildConfiguration section */

/* Begin XCConfigurationList section */
		6B757D272E3E9556008F47F8 /* Build configuration list for PBXProject "Meal Planner" */ = {
			isa = XCConfigurationList;
			buildConfigurations = (
				6B757D4D2E3E9558008F47F8 /* Debug */,
				6B757D4E2E3E9558008F47F8 /* Release */,
			);
			defaultConfigurationIsVisible = 0;
			defaultConfigurationName = Release;
		};
		6B757D4F2E3E9558008F47F8 /* Build configuration list for PBXNativeTarget "Meal Planner" */ = {
			isa = XCConfigurationList;
			buildConfigurations = (
				6B757D502E3E9558008F47F8 /* Debug */,
				6B757D512E3E9558008F47F8 /* Release */,
			);
			defaultConfigurationIsVisible = 0;
			defaultConfigurationName = Release;
		};
		6B757D522E3E9558008F47F8 /* Build configuration list for PBXNativeTarget "Meal PlannerTests" */ = {
			isa = XCConfigurationList;
			buildConfigurations = (
				6B757D532E3E9558008F47F8 /* Debug */,
				6B757D542E3E9558008F47F8 /* Release */,
			);
			defaultConfigurationIsVisible = 0;
			defaultConfigurationName = Release;
		};
		6B757D552E3E9558008F47F8 /* Build configuration list for PBXNativeTarget "Meal PlannerUITests" */ = {
			isa = XCConfigurationList;
			buildConfigurations = (
				6B757D562E3E9558008F47F8 /* Debug */,
				6B757D572E3E9558008F47F8 /* Release */,
			);
			defaultConfigurationIsVisible = 0;
			defaultConfigurationName = Release;
		};
/* End XCConfigurationList section */

/* Begin XCRemoteSwiftPackageReference section */
		6BF09EE72E3E9FD1001D7E9B /* XCRemoteSwiftPackageReference "Alamofire" */ = {
			isa = XCRemoteSwiftPackageReference;
			repositoryURL = "https://github.com/Alamofire/Alamofire.git";
			requirement = {
				kind = upToNextMajorVersion;
				minimumVersion = 5.10.2;
			};
		};
/* End XCRemoteSwiftPackageReference section */

/* Begin XCSwiftPackageProductDependency section */
		6BF09EE82E3E9FD1001D7E9B /* Alamofire */ = {
			isa = XCSwiftPackageProductDependency;
			package = 6BF09EE72E3E9FD1001D7E9B /* XCRemoteSwiftPackageReference "Alamofire" */;
			productName = Alamofire;
		};
/* End XCSwiftPackageProductDependency section */
	};
	rootObject = 6B757D242E3E9556008F47F8 /* Project object */;
}
