{
  "originHash" : "8052734e0890d5144a09780b948afe4655a4d43be20c69dcd86e272937dd6f4f",
  "pins" : [
    {
      "identity" : "alamofire",
      "kind" : "remoteSourceControl",
      "location" : "https://github.com/Alamofire/Alamofire.git",
      "state" : {
        "revision" : "513364f870f6bfc468f9d2ff0a95caccc10044c5",
        "version" : "5.10.2"
      }
    },
    {
      "identity" : "kingfisher",
      "kind" : "remoteSourceControl",
      "location" : "https://github.com/onevcat/Kingfisher",
      "state" : {
        "revision" : "be0d257b9bd47a4e6e1265fc8c237411825f107a",
        "version" : "8.12.0"
      }
    },
    {
      "identity" : "lottie-ios",
      "kind" : "remoteSourceControl",
      "location" : "https://github.com/airbnb/lottie-ios.git",
      "state" : {
        "revision" : "f4db77d7feacba0c2360b84a40c38a6ce8ff399d",
        "version" : "4.6.1"
      }
    }
  ],
  "version" : 3
}
